<?xml version="1.0" encoding="utf-8"?>
<Project ToolsVersion="4.0" xmlns="http://schemas.microsoft.com/developer/msbuild/2003">
  <ItemGroup>
    <Filter Include="Utility">
      <UniqueIdentifier>{09c31bfd-4963-4dd6-8a37-7afc0f2bc3d3}</UniqueIdentifier>
    </Filter>
    <Filter Include="System">
      <UniqueIdentifier>{55011021-4c83-4dca-b968-0314ba57a68a}</UniqueIdentifier>
    </Filter>
    <Filter Include="Extension">
      <UniqueIdentifier>{b8dac98e-67dd-4fca-aea4-d3b97c163dab}</UniqueIdentifier>
    </Filter>
    <Filter Include="System\Scene">
      <UniqueIdentifier>{e6f004fb-0494-4837-8683-95f8e71ebc3d}</UniqueIdentifier>
    </Filter>
    <Filter Include="System\Sprite">
      <UniqueIdentifier>{75c36eca-f7db-45e3-8402-09ad996cfcd4}</UniqueIdentifier>
    </Filter>
    <Filter Include="System\Label">
      <UniqueIdentifier>{56d251c0-756c-4adb-a1f9-f888eee00219}</UniqueIdentifier>
    </Filter>
    <Filter Include="Utility\Abstraction">
      <UniqueIdentifier>{d4b95917-24e0-4167-9285-6c0d489d7edb}</UniqueIdentifier>
    </Filter>
  </ItemGroup>
  <ItemGroup>
    <ClInclude Include="SentioD2D.h" />
    <ClInclude Include="UsingLibrary.h" />
    <ClInclude Include="Utility\Macro.h">
      <Filter>Utility</Filter>
    </ClInclude>
    <ClInclude Include="System\BagicNode.h">
      <Filter>System</Filter>
    </ClInclude>
    <ClInclude Include="System\Sprite\Sprite.h">
      <Filter>System\Sprite</Filter>
    </ClInclude>
    <ClInclude Include="System\Label\Label.h">
      <Filter>System\Label</Filter>
    </ClInclude>
    <ClInclude Include="System\Scene\Scene.h">
      <Filter>System\Scene</Filter>
    </ClInclude>
    <ClInclude Include="System\Scene\SceneLoader.h">
      <Filter>System\Scene</Filter>
    </ClInclude>
    <ClInclude Include="System\Sprite\Texture.h">
      <Filter>System\Sprite</Filter>
    </ClInclude>
    <ClInclude Include="System\Sprite\TextureCashe.h">
      <Filter>System\Sprite</Filter>
    </ClInclude>
    <ClInclude Include="Utility\Abstraction\Singleton.h">
      <Filter>Utility\Abstraction</Filter>
    </ClInclude>
    <ClInclude Include="Utility\GenericUtil.h">
      <Filter>Utility</Filter>
    </ClInclude>
    <ClInclude Include="Utility\MathUtil.h">
      <Filter>Utility</Filter>
    </ClInclude>
    <ClInclude Include="Utility\Random.h">
      <Filter>Utility</Filter>
    </ClInclude>
    <ClInclude Include="Utility\StringUtil.h">
      <Filter>Utility</Filter>
    </ClInclude>
  </ItemGroup>
  <ItemGroup>
    <ClCompile Include="SentioD2D.cpp" />
    <ClCompile Include="System\BagicNode.cpp">
      <Filter>System</Filter>
    </ClCompile>
    <ClCompile Include="System\Sprite\Sprite.cpp">
      <Filter>System\Sprite</Filter>
    </ClCompile>
    <ClCompile Include="System\Label\Label.cpp">
      <Filter>System\Label</Filter>
    </ClCompile>
    <ClCompile Include="System\Scene\Scene.cpp">
      <Filter>System\Scene</Filter>
    </ClCompile>
    <ClCompile Include="System\Scene\SceneLoader.cpp">
      <Filter>System\Scene</Filter>
    </ClCompile>
    <ClCompile Include="System\Sprite\Texture.cpp">
      <Filter>System\Sprite</Filter>
    </ClCompile>
    <ClCompile Include="System\Sprite\TextureCashe.cpp">
      <Filter>System\Sprite</Filter>
    </ClCompile>
    <ClCompile Include="Utility\GenericUtil.cpp">
      <Filter>Utility</Filter>
    </ClCompile>
    <ClCompile Include="Utility\MathUtil.cpp">
      <Filter>Utility</Filter>
    </ClCompile>
    <ClCompile Include="Utility\Random.cpp">
      <Filter>Utility</Filter>
    </ClCompile>
    <ClCompile Include="Utility\StringUtil.cpp">
      <Filter>Utility</Filter>
    </ClCompile>
  </ItemGroup>
</Project>