<?xml version="1.0" encoding="utf-8"?>
<Project ToolsVersion="4.0" xmlns="http://schemas.microsoft.com/developer/msbuild/2003">
  <ItemGroup>
    <Filter Include="Utility">
      <UniqueIdentifier>{09c31bfd-4963-4dd6-8a37-7afc0f2bc3d3}</UniqueIdentifier>
    </Filter>
    <Filter Include="System">
      <UniqueIdentifier>{55011021-4c83-4dca-b968-0314ba57a68a}</UniqueIdentifier>
    </Filter>
    <Filter Include="System\Scene">
      <UniqueIdentifier>{e6f004fb-0494-4837-8683-95f8e71ebc3d}</UniqueIdentifier>
    </Filter>
    <Filter Include="System\Sprite">
      <UniqueIdentifier>{75c36eca-f7db-45e3-8402-09ad996cfcd4}</UniqueIdentifier>
    </Filter>
    <Filter Include="System\Label">
      <UniqueIdentifier>{56d251c0-756c-4adb-a1f9-f888eee00219}</UniqueIdentifier>
    </Filter>
    <Filter Include="Share">
      <UniqueIdentifier>{c74eb70e-5bbb-4c71-b2d1-b078fc422ff2}</UniqueIdentifier>
    </Filter>
    <Filter Include="Utility\Extend">
      <UniqueIdentifier>{80e079de-7ce9-4765-8a72-ce506e249f0d}</UniqueIdentifier>
    </Filter>
    <Filter Include="Utility\Abstract">
      <UniqueIdentifier>{d4b95917-24e0-4167-9285-6c0d489d7edb}</UniqueIdentifier>
    </Filter>
    <Filter Include="System\Data">
      <UniqueIdentifier>{87c60d88-a8f4-41da-bb83-91f8069fc7f6}</UniqueIdentifier>
    </Filter>
  </ItemGroup>
  <ItemGroup>
    <ClInclude Include="SentioD2D.h" />
    <ClInclude Include="UsingLibrary.h" />
    <ClInclude Include="Utility\Macro.h">
      <Filter>Utility</Filter>
    </ClInclude>
    <ClInclude Include="System\BagicNode.h">
      <Filter>System</Filter>
    </ClInclude>
    <ClInclude Include="System\Sprite\Sprite.h">
      <Filter>System\Sprite</Filter>
    </ClInclude>
    <ClInclude Include="System\Label\Label.h">
      <Filter>System\Label</Filter>
    </ClInclude>
    <ClInclude Include="System\Scene\Scene.h">
      <Filter>System\Scene</Filter>
    </ClInclude>
    <ClInclude Include="System\Scene\SceneLoader.h">
      <Filter>System\Scene</Filter>
    </ClInclude>
    <ClInclude Include="System\Sprite\Texture.h">
      <Filter>System\Sprite</Filter>
    </ClInclude>
    <ClInclude Include="System\Sprite\TextureCashe.h">
      <Filter>System\Sprite</Filter>
    </ClInclude>
    <ClInclude Include="Utility\Random.h">
      <Filter>Utility</Filter>
    </ClInclude>
    <ClInclude Include="LibConfig.h" />
    <ClInclude Include="Share\tinyxml2.h">
      <Filter>Share</Filter>
    </ClInclude>
    <ClInclude Include="Utility\XMLSerializer.h">
      <Filter>Utility</Filter>
    </ClInclude>
    <ClInclude Include="Utility\Abstract\IUpdatable.h">
      <Filter>Utility\Abstract</Filter>
    </ClInclude>
    <ClInclude Include="Utility\Abstract\Singleton.h">
      <Filter>Utility\Abstract</Filter>
    </ClInclude>
    <ClInclude Include="Utility\Abstract\IXMLSerializable.h">
      <Filter>Utility\Abstract</Filter>
    </ClInclude>
    <ClInclude Include="Utility\Extend\ExtendCollection.h">
      <Filter>Utility\Extend</Filter>
    </ClInclude>
    <ClInclude Include="Utility\Extend\ExtendString.h">
      <Filter>Utility\Extend</Filter>
    </ClInclude>
    <ClInclude Include="System\Application.h">
      <Filter>System</Filter>
    </ClInclude>
    <ClInclude Include="System\Director.h">
      <Filter>System</Filter>
    </ClInclude>
    <ClInclude Include="System\Data\MasterData.h">
      <Filter>System\Data</Filter>
    </ClInclude>
    <ClInclude Include="System\Data\Vector2.h">
      <Filter>System\Data</Filter>
    </ClInclude>
    <ClInclude Include="System\Data\Size.h">
      <Filter>System\Data</Filter>
    </ClInclude>
    <ClInclude Include="System\Data\Rect.h">
      <Filter>System\Data</Filter>
    </ClInclude>
    <ClInclude Include="System\Data\ApplicationData.h">
      <Filter>System\Data</Filter>
    </ClInclude>
    <ClInclude Include="Utility\Path.h">
      <Filter>Utility</Filter>
    </ClInclude>
    <ClInclude Include="Utility\Abstract\IConvertible.h">
      <Filter>Utility\Abstract</Filter>
    </ClInclude>
    <ClInclude Include="Utility\Extend\ExtendMath.h">
      <Filter>Utility\Extend</Filter>
    </ClInclude>
  </ItemGroup>
  <ItemGroup>
    <ClCompile Include="SentioD2D.cpp" />
    <ClCompile Include="System\BagicNode.cpp">
      <Filter>System</Filter>
    </ClCompile>
    <ClCompile Include="System\Sprite\Sprite.cpp">
      <Filter>System\Sprite</Filter>
    </ClCompile>
    <ClCompile Include="System\Label\Label.cpp">
      <Filter>System\Label</Filter>
    </ClCompile>
    <ClCompile Include="System\Scene\Scene.cpp">
      <Filter>System\Scene</Filter>
    </ClCompile>
    <ClCompile Include="System\Scene\SceneLoader.cpp">
      <Filter>System\Scene</Filter>
    </ClCompile>
    <ClCompile Include="System\Sprite\Texture.cpp">
      <Filter>System\Sprite</Filter>
    </ClCompile>
    <ClCompile Include="System\Sprite\TextureCashe.cpp">
      <Filter>System\Sprite</Filter>
    </ClCompile>
    <ClCompile Include="Utility\Random.cpp">
      <Filter>Utility</Filter>
    </ClCompile>
    <ClCompile Include="Share\tinyxml2.cpp">
      <Filter>Share</Filter>
    </ClCompile>
    <ClCompile Include="Utility\XMLSerializer.cpp">
      <Filter>Utility</Filter>
    </ClCompile>
    <ClCompile Include="Utility\Extend\ExtendCollection.cpp">
      <Filter>Utility\Extend</Filter>
    </ClCompile>
    <ClCompile Include="Utility\Extend\ExtendString.cpp">
      <Filter>Utility\Extend</Filter>
    </ClCompile>
    <ClCompile Include="System\Application.cpp">
      <Filter>System</Filter>
    </ClCompile>
    <ClCompile Include="System\Director.cpp">
      <Filter>System</Filter>
    </ClCompile>
    <ClCompile Include="System\Data\MasterData.cpp">
      <Filter>System\Data</Filter>
    </ClCompile>
    <ClCompile Include="System\Data\Vector2.cpp">
      <Filter>System\Data</Filter>
    </ClCompile>
    <ClCompile Include="System\Data\Size.cpp">
      <Filter>System\Data</Filter>
    </ClCompile>
    <ClCompile Include="System\Data\Rect.cpp">
      <Filter>System\Data</Filter>
    </ClCompile>
    <ClCompile Include="System\Data\ApplicationData.cpp">
      <Filter>System\Data</Filter>
    </ClCompile>
    <ClCompile Include="Utility\Path.cpp">
      <Filter>Utility</Filter>
    </ClCompile>
    <ClCompile Include="Utility\Extend\ExtendMath.cpp">
      <Filter>Utility\Extend</Filter>
    </ClCompile>
  </ItemGroup>
</Project>